
Microsoft Visual Studio Solution File, Format Version 12.00
# Visual Studio 15
VisualStudioVersion = 15.0.28307.271
MinimumVisualStudioVersion = 10.0.40219.1
Project("{888888A0-9F3D-457C-B088-3A5042F75D52}") = "Basic", "Basic\Basic.pyproj", "{7169183F-6F42-459F-90FE-587A4F8B6F52}"
EndProject
Global
	GlobalSection(SolutionConfigurationPlatforms) = preSolution
		Debug|Any CPU = Debug|Any CPU
		Release|Any CPU = Release|Any CPU
	EndGlobalSection
	GlobalSection(ProjectConfigurationPlatforms) = postSolution
		{7169183F-6F42-459F-90FE-587A4F8B6F52}.Debug|Any CPU.ActiveCfg = Debug|Any CPU
		{7169183F-6F42-459F-90FE-587A4F8B6F52}.Release|Any CPU.ActiveCfg = Release|Any CPU
	EndGlobalSection
	GlobalSection(SolutionProperties) = preSolution
		HideSolutionNode = FALSE
	EndGlobalSection
	GlobalSection(ExtensibilityGlobals) = postSolution
		SolutionGuid = {AFC6DD9F-5167-4C7E-811F-CBC54392B763}
	EndGlobalSection
EndGlobal
